
Microsoft Visual Studio Solution File, Format Version 12.00
# Visual Studio for Mac
Project("{FAE04EC0-301F-11D3-BF4B-00C04F79EFBC}") = "GetToKnowUnity", "Assembly-CSharp.csproj", "{AB0ED632-5A5C-720C-695D-4A57272ABF80}"
EndProject
Project("{FAE04EC0-301F-11D3-BF4B-00C04F79EFBC}") = "GetToKnowUnity", "Assembly-CSharp-Editor.csproj", "{EDBA8576-769B-A494-B770-6B3AF148B43F}"
EndProject
Global
	GlobalSection(SolutionConfigurationPlatforms) = preSolution
		Debug|Any CPU = Debug|Any CPU
		Release|Any CPU = Release|Any CPU
	EndGlobalSection
	GlobalSection(ProjectConfigurationPlatforms) = postSolution
		{AB0ED632-5A5C-720C-695D-4A57272ABF80}.Debug|Any CPU.ActiveCfg = Debug|Any CPU
		{AB0ED632-5A5C-720C-695D-4A57272ABF80}.Debug|Any CPU.Build.0 = Debug|Any CPU
		{AB0ED632-5A5C-720C-695D-4A57272ABF80}.Release|Any CPU.ActiveCfg = Release|Any CPU
		{AB0ED632-5A5C-720C-695D-4A57272ABF80}.Release|Any CPU.Build.0 = Release|Any CPU
		{EDBA8576-769B-A494-B770-6B3AF148B43F}.Debug|Any CPU.ActiveCfg = Debug|Any CPU
		{EDBA8576-769B-A494-B770-6B3AF148B43F}.Debug|Any CPU.Build.0 = Debug|Any CPU
		{EDBA8576-769B-A494-B770-6B3AF148B43F}.Release|Any CPU.ActiveCfg = Release|Any CPU
		{EDBA8576-769B-A494-B770-6B3AF148B43F}.Release|Any CPU.Build.0 = Release|Any CPU
	EndGlobalSection
	GlobalSection(SolutionProperties) = preSolution
		HideSolutionNode = FALSE
	EndGlobalSection
EndGlobal
